{
  "version": "v1",
  "packages": {
    "react-native-mapsforge-vtm": {
      "signature": "e2f4672dd60650d7a8d09261747545c1",
      "file": true,
      "replaced": "^0.7.0"
    },
    "react-native-hardwarekey-event": {
      "signature": "b43eac98088c6a64775c6509c3d79ca5",
      "file": true
    },
    "@jhotadhari/release-kit": {
      "signature": "4b87ffe7825e35cc8f8308661510338a",
      "file": true,
      "replaced": "file:.yalc/release-kit"
    },
    "react-native-brouter": {
      "signature": "d1c9c1766af6659f4ae45be84321424f",
      "file": true,
      "replaced": "*"
    },
    "react-native-mapsforge-vtm-ext-path-color-ramp": {
      "signature": "2a5014d35d378172794c5aa6cc457aaa",
      "file": true
    }
  }
}