{
  "version": "v1",
  "packages": {
    "react-native-brouter": {
      "signature": "efe2e0ad309304ec884d42a907c2a06d",
      "file": true,
      "replaced": "*"
    },
    "react-native-mapsforge-vtm": {
      "signature": "783949406d057fd62c5f0e11ecfe045e",
      "file": true,
      "replaced": "^0.7.0"
    }
  }
}